{
  "originHash" : "91baeee9cce385134c4baee5b8384e1d7e7b5c9ff89152f718357a9f1f229597",
  "pins" : [
    {
      "identity" : "meta-wearables-dat-ios",
      "kind" : "remoteSourceControl",
      "location" : "https://github.com/facebook/meta-wearables-dat-ios",
      "state" : {
        "revision" : "2ea30fa228359315baf71c404aec821472e994c1",
        "version" : "0.5.0"
      }
    },
    {
      "identity" : "swift-sdk-and-sample-app",
      "kind" : "remoteSourceControl",
      "location" : "https://github.com/dynamic-labs/swift-sdk-and-sample-app",
      "state" : {
        "revision" : "2903d4d70c477a8119108769a00363df1a5c7180",
        "version" : "1.0.11"
      }
    }
  ],
  "version" : 3
}
